# THIS IS AN AUTOGENERATED FILE. DO NOT EDIT THIS FILE DIRECTLY.
# yarn lockfile v1


nanoid@^3.1.18:
  version "3.1.18"
  resolved "https://registry.yarnpkg.com/nanoid/-/nanoid-3.1.18.tgz#0680db22ab01c372e89209f5d18283d98de3e96d"
  integrity sha512-rndlDjbbHbcV3xi+R2fpJ+PbGMdfBxz5v1fATIQFq0DP64FsicQdwnKLy47K4kZHdRpmQXtz24eGsxQqamzYTA==
